// !$*UTF8*$!
{
	archiveVersion = 1;
	classes = {
	};
	objectVersion = 50;
	objects = {

/* Begin PBXBuildFile section */
		39CD28E92512CB3000282319 /* AppDelegate.swift in Sources */ = {isa = PBXBuildFile; fileRef = 39CD28E82512CB3000282319 /* AppDelegate.swift */; };
		39CD28EB2512CB3000282319 /* SceneDelegate.swift in Sources */ = {isa = PBXBuildFile; fileRef = 39CD28EA2512CB3000282319 /* SceneDelegate.swift */; };
		39CD28ED2512CB3000282319 /* ViewController.swift in Sources */ = {isa = PBXBuildFile; fileRef = 39CD28EC2512CB3000282319 /* ViewController.swift */; };
		39CD28F02512CB3000282319 /* Main.storyboard in Resources */ = {isa = PBXBuildFile; fileRef = 39CD28EE2512CB3000282319 /* Main.storyboard */; };
		39CD28F22512CB3600282319 /* Assets.xcassets in Resources */ = {isa = PBXBuildFile; fileRef = 39CD28F12512CB3600282319 /* Assets.xcassets */; };
		39CD28F52512CB3600282319 /* LaunchScreen.storyboard in Resources */ = {isa = PBXBuildFile; fileRef = 39CD28F32512CB3600282319 /* LaunchScreen.storyboard */; };
		39CD29002512CB3600282319 /* PrufaTests.swift in Sources */ = {isa = PBXBuildFile; fileRef = 39CD28FF2512CB3600282319 /* PrufaTests.swift */; };
		39CD290B2512CB3600282319 /* PrufaUITests.swift in Sources */ = {isa = PBXBuildFile; fileRef = 39CD290A2512CB3600282319 /* PrufaUITests.swift */; };
/* End PBXBuildFile section */

/* Begin PBXContainerItemProxy section */
		39CD28FC2512CB3600282319 /* PBXContainerItemProxy */ = {
			isa = PBXContainerItemProxy;
			containerPortal = 39CD28DD2512CB3000282319 /* Project object */;
			proxyType = 1;
			remoteGlobalIDString = 39CD28E42512CB3000282319;
			remoteInfo = Prufa;
		};
		39CD29072512CB3600282319 /* PBXContainerItemProxy */ = {
			isa = PBXContainerItemProxy;
			containerPortal = 39CD28DD2512CB3000282319 /* Project object */;
			proxyType = 1;
			remoteGlobalIDString = 39CD28E42512CB3000282319;
			remoteInfo = Prufa;
		};
/* End PBXContainerItemProxy section */

/* Begin PBXFileReference section */
		39CD28E52512CB3000282319 /* Prufa.app */ = {isa = PBXFileReference; explicitFileType = wrapper.application; includeInIndex = 0; path = Prufa.app; sourceTree = BUILT_PRODUCTS_DIR; };
		39CD28E82512CB3000282319 /* AppDelegate.swift */ = {isa = PBXFileReference; lastKnownFileType = sourcecode.swift; path = AppDelegate.swift; sourceTree = "<group>"; };
		39CD28EA2512CB3000282319 /* SceneDelegate.swift */ = {isa = PBXFileReference; lastKnownFileType = sourcecode.swift; path = SceneDelegate.swift; sourceTree = "<group>"; };
		39CD28EC2512CB3000282319 /* ViewController.swift */ = {isa = PBXFileReference; lastKnownFileType = sourcecode.swift; path = ViewController.swift; sourceTree = "<group>"; };
		39CD28EF2512CB3000282319 /* Base */ = {isa = PBXFileReference; lastKnownFileType = file.storyboard; name = Base; path = Base.lproj/Main.storyboard; sourceTree = "<group>"; };
		39CD28F12512CB3600282319 /* Assets.xcassets */ = {isa = PBXFileReference; lastKnownFileType = folder.assetcatalog; path = Assets.xcassets; sourceTree = "<group>"; };
		39CD28F42512CB3600282319 /* Base */ = {isa = PBXFileReference; lastKnownFileType = file.storyboard; name = Base; path = Base.lproj/LaunchScreen.storyboard; sourceTree = "<group>"; };
		39CD28F62512CB3600282319 /* Info.plist */ = {isa = PBXFileReference; lastKnownFileType = text.plist.xml; path = Info.plist; sourceTree = "<group>"; };
		39CD28FB2512CB3600282319 /* PrufaTests.xctest */ = {isa = PBXFileReference; explicitFileType = wrapper.cfbundle; includeInIndex = 0; path = PrufaTests.xctest; sourceTree = BUILT_PRODUCTS_DIR; };
		39CD28FF2512CB3600282319 /* PrufaTests.swift */ = {isa = PBXFileReference; lastKnownFileType = sourcecode.swift; path = PrufaTests.swift; sourceTree = "<group>"; };
		39CD29012512CB3600282319 /* Info.plist */ = {isa = PBXFileReference; lastKnownFileType = text.plist.xml; path = Info.plist; sourceTree = "<group>"; };
		39CD29062512CB3600282319 /* PrufaUITests.xctest */ = {isa = PBXFileReference; explicitFileType = wrapper.cfbundle; includeInIndex = 0; path = PrufaUITests.xctest; sourceTree = BUILT_PRODUCTS_DIR; };
		39CD290A2512CB3600282319 /* PrufaUITests.swift */ = {isa = PBXFileReference; lastKnownFileType = sourcecode.swift; path = PrufaUITests.swift; sourceTree = "<group>"; };
		39CD290C2512CB3600282319 /* Info.plist */ = {isa = PBXFileReference; lastKnownFileType = text.plist.xml; path = Info.plist; sourceTree = "<group>"; };
/* End PBXFileReference section */

/* Begin PBXFrameworksBuildPhase section */
		39CD28E22512CB3000282319 /* Frameworks */ = {
			isa = PBXFrameworksBuildPhase;
			buildActionMask = 2147483647;
			files = (
			);
			runOnlyForDeploymentPostprocessing = 0;
		};
		39CD28F82512CB3600282319 /* Frameworks */ = {
			isa = PBXFrameworksBuildPhase;
			buildActionMask = 2147483647;
			files = (
			);
			runOnlyForDeploymentPostprocessing = 0;
		};
		39CD29032512CB3600282319 /* Frameworks */ = {
			isa = PBXFrameworksBuildPhase;
			buildActionMask = 2147483647;
			files = (
			);
			runOnlyForDeploymentPostprocessing = 0;
		};
/* End PBXFrameworksBuildPhase section */

/* Begin PBXGroup section */
		39CD28DC2512CB3000282319 = {
			isa = PBXGroup;
			children = (
				39CD28E72512CB3000282319 /* Prufa */,
				39CD28FE2512CB3600282319 /* PrufaTests */,
				39CD29092512CB3600282319 /* PrufaUITests */,
				39CD28E62512CB3000282319 /* Products */,
			);
			sourceTree = "<group>";
		};
		39CD28E62512CB3000282319 /* Products */ = {
			isa = PBXGroup;
			children = (
				39CD28E52512CB3000282319 /* Prufa.app */,
				39CD28FB2512CB3600282319 /* PrufaTests.xctest */,
				39CD29062512CB3600282319 /* PrufaUITests.xctest */,
			);
			name = Products;
			sourceTree = "<group>";
		};
		39CD28E72512CB3000282319 /* Prufa */ = {
			isa = PBXGroup;
			children = (
				39CD28E82512CB3000282319 /* AppDelegate.swift */,
				39CD28EA2512CB3000282319 /* SceneDelegate.swift */,
				39CD28EC2512CB3000282319 /* ViewController.swift */,
				39CD28EE2512CB3000282319 /* Main.storyboard */,
				39CD28F12512CB3600282319 /* Assets.xcassets */,
				39CD28F32512CB3600282319 /* LaunchScreen.storyboard */,
				39CD28F62512CB3600282319 /* Info.plist */,
			);
			path = Prufa;
			sourceTree = "<group>";
		};
		39CD28FE2512CB3600282319 /* PrufaTests */ = {
			isa = PBXGroup;
			children = (
				39CD28FF2512CB3600282319 /* PrufaTests.swift */,
				39CD29012512CB3600282319 /* Info.plist */,
			);
			path = PrufaTests;
			sourceTree = "<group>";
		};
		39CD29092512CB3600282319 /* PrufaUITests */ = {
			isa = PBXGroup;
			children = (
				39CD290A2512CB3600282319 /* PrufaUITests.swift */,
				39CD290C2512CB3600282319 /* Info.plist */,
			);
			path = PrufaUITests;
			sourceTree = "<group>";
		};
/* End PBXGroup section */

/* Begin PBXNativeTarget section */
		39CD28E42512CB3000282319 /* Prufa */ = {
			isa = PBXNativeTarget;
			buildConfigurationList = 39CD290F2512CB3600282319 /* Build configuration list for PBXNativeTarget "Prufa" */;
			buildPhases = (
				39CD28E12512CB3000282319 /* Sources */,
				39CD28E22512CB3000282319 /* Frameworks */,
				39CD28E32512CB3000282319 /* Resources */,
			);
			buildRules = (
			);
			dependencies = (
			);
			name = Prufa;
			productName = Prufa;
			productReference = 39CD28E52512CB3000282319 /* Prufa.app */;
			productType = "com.apple.product-type.application";
		};
		39CD28FA2512CB3600282319 /* PrufaTests */ = {
			isa = PBXNativeTarget;
			buildConfigurationList = 39CD29122512CB3600282319 /* Build configuration list for PBXNativeTarget "PrufaTests" */;
			buildPhases = (
				39CD28F72512CB3600282319 /* Sources */,
				39CD28F82512CB3600282319 /* Frameworks */,
				39CD28F92512CB3600282319 /* Resources */,
			);
			buildRules = (
			);
			dependencies = (
				39CD28FD2512CB3600282319 /* PBXTargetDependency */,
			);
			name = PrufaTests;
			productName = PrufaTests;
			productReference = 39CD28FB2512CB3600282319 /* PrufaTests.xctest */;
			productType = "com.apple.product-type.bundle.unit-test";
		};
		39CD29052512CB3600282319 /* PrufaUITests */ = {
			isa = PBXNativeTarget;
			buildConfigurationList = 39CD29152512CB3600282319 /* Build configuration list for PBXNativeTarget "PrufaUITests" */;
			buildPhases = (
				39CD29022512CB3600282319 /* Sources */,
				39CD29032512CB3600282319 /* Frameworks */,
				39CD29042512CB3600282319 /* Resources */,
			);
			buildRules = (
			);
			dependencies = (
				39CD29082512CB3600282319 /* PBXTargetDependency */,
			);
			name = PrufaUITests;
			productName = PrufaUITests;
			productReference = 39CD29062512CB3600282319 /* PrufaUITests.xctest */;
			productType = "com.apple.product-type.bundle.ui-testing";
		};
/* End PBXNativeTarget section */

/* Begin PBXProject section */
		39CD28DD2512CB3000282319 /* Project object */ = {
			isa = PBXProject;
			attributes = {
				LastSwiftUpdateCheck = 1170;
				LastUpgradeCheck = 1170;
				ORGANIZATIONNAME = "Gardar Benediktsson";
				TargetAttributes = {
					39CD28E42512CB3000282319 = {
						CreatedOnToolsVersion = 11.7;
					};
					39CD28FA2512CB3600282319 = {
						CreatedOnToolsVersion = 11.7;
						TestTargetID = 39CD28E42512CB3000282319;
					};
					39CD29052512CB3600282319 = {
						CreatedOnToolsVersion = 11.7;
						TestTargetID = 39CD28E42512CB3000282319;
					};
				};
			};
			buildConfigurationList = 39CD28E02512CB3000282319 /* Build configuration list for PBXProject "Prufa" */;
			compatibilityVersion = "Xcode 9.3";
			developmentRegion = en;
			hasScannedForEncodings = 0;
			knownRegions = (
				en,
				Base,
			);
			mainGroup = 39CD28DC2512CB3000282319;
			productRefGroup = 39CD28E62512CB3000282319 /* Products */;
			projectDirPath = "";
			projectRoot = "";
			targets = (
				39CD28E42512CB3000282319 /* Prufa */,
				39CD28FA2512CB3600282319 /* PrufaTests */,
				39CD29052512CB3600282319 /* PrufaUITests */,
			);
		};
/* End PBXProject section */

/* Begin PBXResourcesBuildPhase section */
		39CD28E32512CB3000282319 /* Resources */ = {
			isa = PBXResourcesBuildPhase;
			buildActionMask = 2147483647;
			files = (
				39CD28F52512CB3600282319 /* LaunchScreen.storyboard in Resources */,
				39CD28F22512CB3600282319 /* Assets.xcassets in Resources */,
				39CD28F02512CB3000282319 /* Main.storyboard in Resources */,
			);
			runOnlyForDeploymentPostprocessing = 0;
		};
		39CD28F92512CB3600282319 /* Resources */ = {
			isa = PBXResourcesBuildPhase;
			buildActionMask = 2147483647;
			files = (
			);
			runOnlyForDeploymentPostprocessing = 0;
		};
		39CD29042512CB3600282319 /* Resources */ = {
			isa = PBXResourcesBuildPhase;
			buildActionMask = 2147483647;
			files = (
			);
			runOnlyForDeploymentPostprocessing = 0;
		};
/* End PBXResourcesBuildPhase section */

/* Begin PBXSourcesBuildPhase section */
		39CD28E12512CB3000282319 /* Sources */ = {
			isa = PBXSourcesBuildPhase;
			buildActionMask = 2147483647;
			files = (
				39CD28ED2512CB3000282319 /* ViewController.swift in Sources */,
				39CD28E92512CB3000282319 /* AppDelegate.swift in Sources */,
				39CD28EB2512CB3000282319 /* SceneDelegate.swift in Sources */,
			);
			runOnlyForDeploymentPostprocessing = 0;
		};
		39CD28F72512CB3600282319 /* Sources */ = {
			isa = PBXSourcesBuildPhase;
			buildActionMask = 2147483647;
			files = (
				39CD29002512CB3600282319 /* PrufaTests.swift in Sources */,
			);
			runOnlyForDeploymentPostprocessing = 0;
		};
		39CD29022512CB3600282319 /* Sources */ = {
			isa = PBXSourcesBuildPhase;
			buildActionMask = 2147483647;
			files = (
				39CD290B2512CB3600282319 /* PrufaUITests.swift in Sources */,
			);
			runOnlyForDeploymentPostprocessing = 0;
		};
/* End PBXSourcesBuildPhase section */

/* Begin PBXTargetDependency section */
		39CD28FD2512CB3600282319 /* PBXTargetDependency */ = {
			isa = PBXTargetDependency;
			target = 39CD28E42512CB3000282319 /* Prufa */;
			targetProxy = 39CD28FC2512CB3600282319 /* PBXContainerItemProxy */;
		};
		39CD29082512CB3600282319 /* PBXTargetDependency */ = {
			isa = PBXTargetDependency;
			target = 39CD28E42512CB3000282319 /* Prufa */;
			targetProxy = 39CD29072512CB3600282319 /* PBXContainerItemProxy */;
		};
/* End PBXTargetDependency section */

/* Begin PBXVariantGroup section */
		39CD28EE2512CB3000282319 /* Main.storyboard */ = {
			isa = PBXVariantGroup;
			children = (
				39CD28EF2512CB3000282319 /* Base */,
			);
			name = Main.storyboard;
			sourceTree = "<group>";
		};
		39CD28F32512CB3600282319 /* LaunchScreen.storyboard */ = {
			isa = PBXVariantGroup;
			children = (
				39CD28F42512CB3600282319 /* Base */,
			);
			name = LaunchScreen.storyboard;
			sourceTree = "<group>";
		};
/* End PBXVariantGroup section */

/* Begin XCBuildConfiguration section */
		39CD290D2512CB3600282319 /* Debug */ = {
			isa = XCBuildConfiguration;
			buildSettings = {
				ALWAYS_SEARCH_USER_PATHS = NO;
				CLANG_ANALYZER_NONNULL = YES;
				CLANG_ANALYZER_NUMBER_OBJECT_CONVERSION = YES_AGGRESSIVE;
				CLANG_CXX_LANGUAGE_STANDARD = "gnu++14";
				CLANG_CXX_LIBRARY = "libc++";
				CLANG_ENABLE_MODULES = YES;
				CLANG_ENABLE_OBJC_ARC = YES;
				CLANG_ENABLE_OBJC_WEAK = YES;
				CLANG_WARN_BLOCK_CAPTURE_AUTORELEASING = YES;
				CLANG_WARN_BOOL_CONVERSION = YES;
				CLANG_WARN_COMMA = YES;
				CLANG_WARN_CONSTANT_CONVERSION = YES;
				CLANG_WARN_DEPRECATED_OBJC_IMPLEMENTATIONS = YES;
				CLANG_WARN_DIRECT_OBJC_ISA_USAGE = YES_ERROR;
				CLANG_WARN_DOCUMENTATION_COMMENTS = YES;
				CLANG_WARN_EMPTY_BODY = YES;
				CLANG_WARN_ENUM_CONVERSION = YES;
				CLANG_WARN_INFINITE_RECURSION = YES;
				CLANG_WARN_INT_CONVERSION = YES;
				CLANG_WARN_NON_LITERAL_NULL_CONVERSION = YES;
				CLANG_WARN_OBJC_IMPLICIT_RETAIN_SELF = YES;
				CLANG_WARN_OBJC_LITERAL_CONVERSION = YES;
				CLANG_WARN_OBJC_ROOT_CLASS = YES_ERROR;
				CLANG_WARN_RANGE_LOOP_ANALYSIS = YES;
				CLANG_WARN_STRICT_PROTOTYPES = YES;
				CLANG_WARN_SUSPICIOUS_MOVE = YES;
				CLANG_WARN_UNGUARDED_AVAILABILITY = YES_AGGRESSIVE;
				CLANG_WARN_UNREACHABLE_CODE = YES;
				CLANG_WARN__DUPLICATE_METHOD_MATCH = YES;
				COPY_PHASE_STRIP = NO;
				DEBUG_INFORMATION_FORMAT = dwarf;
				ENABLE_STRICT_OBJC_MSGSEND = YES;
				ENABLE_TESTABILITY = YES;
				GCC_C_LANGUAGE_STANDARD = gnu11;
				GCC_DYNAMIC_NO_PIC = NO;
				GCC_NO_COMMON_BLOCKS = YES;
				GCC_OPTIMIZATION_LEVEL = 0;
				GCC_PREPROCESSOR_DEFINITIONS = (
					"DEBUG=1",
					"$(inherited)",
				);
				GCC_WARN_64_TO_32_BIT_CONVERSION = YES;
				GCC_WARN_ABOUT_RETURN_TYPE = YES_ERROR;
				GCC_WARN_UNDECLARED_SELECTOR = YES;
				GCC_WARN_UNINITIALIZED_AUTOS = YES_AGGRESSIVE;
				GCC_WARN_UNUSED_FUNCTION = YES;
				GCC_WARN_UNUSED_VARIABLE = YES;
				IPHONEOS_DEPLOYMENT_TARGET = 13.7;
				MTL_ENABLE_DEBUG_INFO = INCLUDE_SOURCE;
				MTL_FAST_MATH = YES;
				ONLY_ACTIVE_ARCH = YES;
				SDKROOT = iphoneos;
				SWIFT_ACTIVE_COMPILATION_CONDITIONS = DEBUG;
				SWIFT_OPTIMIZATION_LEVEL = "-Onone";
			};
			name = Debug;
		};
		39CD290E2512CB3600282319 /* Release */ = {
			isa = XCBuildConfiguration;
			buildSettings = {
				ALWAYS_SEARCH_USER_PATHS = NO;
				CLANG_ANALYZER_NONNULL = YES;
				CLANG_ANALYZER_NUMBER_OBJECT_CONVERSION = YES_AGGRESSIVE;
				CLANG_CXX_LANGUAGE_STANDARD = "gnu++14";
				CLANG_CXX_LIBRARY = "libc++";
				CLANG_ENABLE_MODULES = YES;
				CLANG_ENABLE_OBJC_ARC = YES;
				CLANG_ENABLE_OBJC_WEAK = YES;
				CLANG_WARN_BLOCK_CAPTURE_AUTORELEASING = YES;
				CLANG_WARN_BOOL_CONVERSION = YES;
				CLANG_WARN_COMMA = YES;
				CLANG_WARN_CONSTANT_CONVERSION = YES;
				CLANG_WARN_DEPRECATED_OBJC_IMPLEMENTATIONS = YES;
				CLANG_WARN_DIRECT_OBJC_ISA_USAGE = YES_ERROR;
				CLANG_WARN_DOCUMENTATION_COMMENTS = YES;
				CLANG_WARN_EMPTY_BODY = YES;
				CLANG_WARN_ENUM_CONVERSION = YES;
				CLANG_WARN_INFINITE_RECURSION = YES;
				CLANG_WARN_INT_CONVERSION = YES;
				CLANG_WARN_NON_LITERAL_NULL_CONVERSION = YES;
				CLANG_WARN_OBJC_IMPLICIT_RETAIN_SELF = YES;
				CLANG_WARN_OBJC_LITERAL_CONVERSION = YES;
				CLANG_WARN_OBJC_ROOT_CLASS = YES_ERROR;
				CLANG_WARN_RANGE_LOOP_ANALYSIS = YES;
				CLANG_WARN_STRICT_PROTOTYPES = YES;
				CLANG_WARN_SUSPICIOUS_MOVE = YES;
				CLANG_WARN_UNGUARDED_AVAILABILITY = YES_AGGRESSIVE;
				CLANG_WARN_UNREACHABLE_CODE = YES;
				CLANG_WARN__DUPLICATE_METHOD_MATCH = YES;
				COPY_PHASE_STRIP = NO;
				DEBUG_INFORMATION_FORMAT = "dwarf-with-dsym";
				ENABLE_NS_ASSERTIONS = NO;
				ENABLE_STRICT_OBJC_MSGSEND = YES;
				GCC_C_LANGUAGE_STANDARD = gnu11;
				GCC_NO_COMMON_BLOCKS = YES;
				GCC_WARN_64_TO_32_BIT_CONVERSION = YES;
				GCC_WARN_ABOUT_RETURN_TYPE = YES_ERROR;
				GCC_WARN_UNDECLARED_SELECTOR = YES;
				GCC_WARN_UNINITIALIZED_AUTOS = YES_AGGRESSIVE;
				GCC_WARN_UNUSED_FUNCTION = YES;
				GCC_WARN_UNUSED_VARIABLE = YES;
				IPHONEOS_DEPLOYMENT_TARGET = 13.7;
				MTL_ENABLE_DEBUG_INFO = NO;
				MTL_FAST_MATH = YES;
				SDKROOT = iphoneos;
				SWIFT_COMPILATION_MODE = wholemodule;
				SWIFT_OPTIMIZATION_LEVEL = "-O";
				VALIDATE_PRODUCT = YES;
			};
			name = Release;
		};
		39CD29102512CB3600282319 /* Debug */ = {
			isa = XCBuildConfiguration;
			buildSettings = {
				ASSETCATALOG_COMPILER_APPICON_NAME = AppIcon;
				CODE_SIGN_STYLE = Automatic;
				INFOPLIST_FILE = Prufa/Info.plist;
				LD_RUNPATH_SEARCH_PATHS = (
					"$(inherited)",
					"@executable_path/Frameworks",
				);
				PRODUCT_BUNDLE_IDENTIFIER = GardarBenediktsson.Prufa;
				PRODUCT_NAME = "$(TARGET_NAME)";
				SWIFT_VERSION = 5.0;
				TARGETED_DEVICE_FAMILY = "1,2";
			};
			name = Debug;
		};
		39CD29112512CB3600282319 /* Release */ = {
			isa = XCBuildConfiguration;
			buildSettings = {
				ASSETCATALOG_COMPILER_APPICON_NAME = AppIcon;
				CODE_SIGN_STYLE = Automatic;
				INFOPLIST_FILE = Prufa/Info.plist;
				LD_RUNPATH_SEARCH_PATHS = (
					"$(inherited)",
					"@executable_path/Frameworks",
				);
				PRODUCT_BUNDLE_IDENTIFIER = GardarBenediktsson.Prufa;
				PRODUCT_NAME = "$(TARGET_NAME)";
				SWIFT_VERSION = 5.0;
				TARGETED_DEVICE_FAMILY = "1,2";
			};
			name = Release;
		};
		39CD29132512CB3600282319 /* Debug */ = {
			isa = XCBuildConfiguration;
			buildSettings = {
				ALWAYS_EMBED_SWIFT_STANDARD_LIBRARIES = YES;
				BUNDLE_LOADER = "$(TEST_HOST)";
				CODE_SIGN_STYLE = Automatic;
				INFOPLIST_FILE = PrufaTests/Info.plist;
				IPHONEOS_DEPLOYMENT_TARGET = 13.7;
				LD_RUNPATH_SEARCH_PATHS = (
					"$(inherited)",
					"@executable_path/Frameworks",
					"@loader_path/Frameworks",
				);
				PRODUCT_BUNDLE_IDENTIFIER = GardarBenediktsson.PrufaTests;
				PRODUCT_NAME = "$(TARGET_NAME)";
				SWIFT_VERSION = 5.0;
				TARGETED_DEVICE_FAMILY = "1,2";
				TEST_HOST = "$(BUILT_PRODUCTS_DIR)/Prufa.app/Prufa";
			};
			name = Debug;
		};
		39CD29142512CB3600282319 /* Release */ = {
			isa = XCBuildConfiguration;
			buildSettings = {
				ALWAYS_EMBED_SWIFT_STANDARD_LIBRARIES = YES;
				BUNDLE_LOADER = "$(TEST_HOST)";
				CODE_SIGN_STYLE = Automatic;
				INFOPLIST_FILE = PrufaTests/Info.plist;
				IPHONEOS_DEPLOYMENT_TARGET = 13.7;
				LD_RUNPATH_SEARCH_PATHS = (
					"$(inherited)",
					"@executable_path/Frameworks",
					"@loader_path/Frameworks",
				);
				PRODUCT_BUNDLE_IDENTIFIER = GardarBenediktsson.PrufaTests;
				PRODUCT_NAME = "$(TARGET_NAME)";
				SWIFT_VERSION = 5.0;
				TARGETED_DEVICE_FAMILY = "1,2";
				TEST_HOST = "$(BUILT_PRODUCTS_DIR)/Prufa.app/Prufa";
			};
			name = Release;
		};
		39CD29162512CB3600282319 /* Debug */ = {
			isa = XCBuildConfiguration;
			buildSettings = {
				ALWAYS_EMBED_SWIFT_STANDARD_LIBRARIES = YES;
				CODE_SIGN_STYLE = Automatic;
				INFOPLIST_FILE = PrufaUITests/Info.plist;
				LD_RUNPATH_SEARCH_PATHS = (
					"$(inherited)",
					"@executable_path/Frameworks",
					"@loader_path/Frameworks",
				);
				PRODUCT_BUNDLE_IDENTIFIER = GardarBenediktsson.PrufaUITests;
				PRODUCT_NAME = "$(TARGET_NAME)";
				SWIFT_VERSION = 5.0;
				TARGETED_DEVICE_FAMILY = "1,2";
				TEST_TARGET_NAME = Prufa;
			};
			name = Debug;
		};
		39CD29172512CB3600282319 /* Release */ = {
			isa = XCBuildConfiguration;
			buildSettings = {
				ALWAYS_EMBED_SWIFT_STANDARD_LIBRARIES = YES;
				CODE_SIGN_STYLE = Automatic;
				INFOPLIST_FILE = PrufaUITests/Info.plist;
				LD_RUNPATH_SEARCH_PATHS = (
					"$(inherited)",
					"@executable_path/Frameworks",
					"@loader_path/Frameworks",
				);
				PRODUCT_BUNDLE_IDENTIFIER = GardarBenediktsson.PrufaUITests;
				PRODUCT_NAME = "$(TARGET_NAME)";
				SWIFT_VERSION = 5.0;
				TARGETED_DEVICE_FAMILY = "1,2";
				TEST_TARGET_NAME = Prufa;
			};
			name = Release;
		};
/* End XCBuildConfiguration section */

/* Begin XCConfigurationList section */
		39CD28E02512CB3000282319 /* Build configuration list for PBXProject "Prufa" */ = {
			isa = XCConfigurationList;
			buildConfigurations = (
				39CD290D2512CB3600282319 /* Debug */,
				39CD290E2512CB3600282319 /* Release */,
			);
			defaultConfigurationIsVisible = 0;
			defaultConfigurationName = Release;
		};
		39CD290F2512CB3600282319 /* Build configuration list for PBXNativeTarget "Prufa" */ = {
			isa = XCConfigurationList;
			buildConfigurations = (
				39CD29102512CB3600282319 /* Debug */,
				39CD29112512CB3600282319 /* Release */,
			);
			defaultConfigurationIsVisible = 0;
			defaultConfigurationName = Release;
		};
		39CD29122512CB3600282319 /* Build configuration list for PBXNativeTarget "PrufaTests" */ = {
			isa = XCConfigurationList;
			buildConfigurations = (
				39CD29132512CB3600282319 /* Debug */,
				39CD29142512CB3600282319 /* Release */,
			);
			defaultConfigurationIsVisible = 0;
			defaultConfigurationName = Release;
		};
		39CD29152512CB3600282319 /* Build configuration list for PBXNativeTarget "PrufaUITests" */ = {
			isa = XCConfigurationList;
			buildConfigurations = (
				39CD29162512CB3600282319 /* Debug */,
				39CD29172512CB3600282319 /* Release */,
			);
			defaultConfigurationIsVisible = 0;
			defaultConfigurationName = Release;
		};
/* End XCConfigurationList section */
	};
	rootObject = 39CD28DD2512CB3000282319 /* Project object */;
}
